
Microsoft Visual Studio Solution File, Format Version 12.00
# Visual Studio Version 17
VisualStudioVersion = 17.11.35327.3
MinimumVisualStudioVersion = 10.0.40219.1
Project("{54A90642-561A-4BB1-A94E-469ADEE60C69}") = "Chatipelago", "Chatipelago.esproj", "{971CE8A5-B478-4527-B965-DC4569D26685}"
EndProject
Global
	GlobalSection(SolutionConfigurationPlatforms) = preSolution
		Debug|Any CPU = Debug|Any CPU
		Release|Any CPU = Release|Any CPU
	EndGlobalSection
	GlobalSection(ProjectConfigurationPlatforms) = postSolution
		{971CE8A5-B478-4527-B965-DC4569D26685}.Debug|Any CPU.ActiveCfg = Debug|Any CPU
		{971CE8A5-B478-4527-B965-DC4569D26685}.Debug|Any CPU.Build.0 = Debug|Any CPU
		{971CE8A5-B478-4527-B965-DC4569D26685}.Debug|Any CPU.Deploy.0 = Debug|Any CPU
		{971CE8A5-B478-4527-B965-DC4569D26685}.Release|Any CPU.ActiveCfg = Release|Any CPU
		{971CE8A5-B478-4527-B965-DC4569D26685}.Release|Any CPU.Build.0 = Release|Any CPU
		{971CE8A5-B478-4527-B965-DC4569D26685}.Release|Any CPU.Deploy.0 = Release|Any CPU
	EndGlobalSection
	GlobalSection(SolutionProperties) = preSolution
		HideSolutionNode = FALSE
	EndGlobalSection
	GlobalSection(ExtensibilityGlobals) = postSolution
		SolutionGuid = {A91C531F-AFEF-4AC2-8297-9DAC71D3C698}
	EndGlobalSection
EndGlobal
